// !$*UTF8*$!
{
	archiveVersion = 1;
	classes = {
	};
	objectVersion = 51;
	objects = {

/* Begin PBXBuildFile section */
		432D625522A6F3F200D6801E /* AppDelegate.swift in Sources */ = {isa = PBXBuildFile; fileRef = 432D625422A6F3F200D6801E /* AppDelegate.swift */; };
		432D625C22A6F3F400D6801E /* Assets.xcassets in Resources */ = {isa = PBXBuildFile; fileRef = 432D625B22A6F3F400D6801E /* Assets.xcassets */; };
		432D625F22A6F3F400D6801E /* LaunchScreen.storyboard in Resources */ = {isa = PBXBuildFile; fileRef = 432D625D22A6F3F400D6801E /* LaunchScreen.storyboard */; };
		432D626A22A6F3F400D6801E /* SurveysTests.swift in Sources */ = {isa = PBXBuildFile; fileRef = 432D626922A6F3F400D6801E /* SurveysTests.swift */; };
		434F2CFB22A7F6FC00DE01A9 /* SurveysViewController.swift in Sources */ = {isa = PBXBuildFile; fileRef = 434F2CF922A7F6FC00DE01A9 /* SurveysViewController.swift */; };
		434F2CFC22A7F6FC00DE01A9 /* SurveysViewController.xib in Resources */ = {isa = PBXBuildFile; fileRef = 434F2CFA22A7F6FC00DE01A9 /* SurveysViewController.xib */; };
		434F2CFF22A7F7EF00DE01A9 /* Application.swift in Sources */ = {isa = PBXBuildFile; fileRef = 434F2CFE22A7F7EF00DE01A9 /* Application.swift */; };
		434F2D0122A801FC00DE01A9 /* App.swift in Sources */ = {isa = PBXBuildFile; fileRef = 434F2D0022A801FC00DE01A9 /* App.swift */; };
		434F2D0322A8020D00DE01A9 /* App.Color.swift in Sources */ = {isa = PBXBuildFile; fileRef = 434F2D0222A8020D00DE01A9 /* App.Color.swift */; };
		434F2D0522A802F200DE01A9 /* App.String.swift in Sources */ = {isa = PBXBuildFile; fileRef = 434F2D0422A802F200DE01A9 /* App.String.swift */; };
		434F2D0C22A804F400DE01A9 /* SurveyItemCell.swift in Sources */ = {isa = PBXBuildFile; fileRef = 434F2D0A22A804F400DE01A9 /* SurveyItemCell.swift */; };
		434F2D0D22A804F400DE01A9 /* SurveyItemCell.xib in Resources */ = {isa = PBXBuildFile; fileRef = 434F2D0B22A804F400DE01A9 /* SurveyItemCell.xib */; };
		434F2D0F22A8085600DE01A9 /* NavigationController.swift in Sources */ = {isa = PBXBuildFile; fileRef = 434F2D0E22A8085600DE01A9 /* NavigationController.swift */; };
		437E1CAC22AB32F800AA5817 /* App.Measure.swift in Sources */ = {isa = PBXBuildFile; fileRef = 437E1CAB22AB32F800AA5817 /* App.Measure.swift */; };
		437E1CB322ABE2BA00AA5817 /* ISPageControl.swift in Sources */ = {isa = PBXBuildFile; fileRef = 437E1CB222ABE2BA00AA5817 /* ISPageControl.swift */; };
		437E1CB622ABEB9D00AA5817 /* NimbleTarget.swift in Sources */ = {isa = PBXBuildFile; fileRef = 437E1CB522ABEB9D00AA5817 /* NimbleTarget.swift */; };
		437E1CB822ABF41C00AA5817 /* Token.swift in Sources */ = {isa = PBXBuildFile; fileRef = 437E1CB722ABF41C00AA5817 /* Token.swift */; };
		437E1CBA22ABF87600AA5817 /* Date.swift in Sources */ = {isa = PBXBuildFile; fileRef = 437E1CB922ABF87600AA5817 /* Date.swift */; };
		437E1CBC22ABF8BE00AA5817 /* Collection.swift in Sources */ = {isa = PBXBuildFile; fileRef = 437E1CBB22ABF8BE00AA5817 /* Collection.swift */; };
		437E1CC222ABFF4300AA5817 /* MoyaProvider.swift in Sources */ = {isa = PBXBuildFile; fileRef = 437E1CC122ABFF4300AA5817 /* MoyaProvider.swift */; };
		437E1CC422AC0B9C00AA5817 /* TokenType.swift in Sources */ = {isa = PBXBuildFile; fileRef = 437E1CC322AC0B9C00AA5817 /* TokenType.swift */; };
		437E1CC622AC15B900AA5817 /* URLRequest.swift in Sources */ = {isa = PBXBuildFile; fileRef = 437E1CC522AC15B900AA5817 /* URLRequest.swift */; };
		437E1CC822AC19CD00AA5817 /* SurveysViewModel.swift in Sources */ = {isa = PBXBuildFile; fileRef = 437E1CC722AC19CD00AA5817 /* SurveysViewModel.swift */; };
		437E1CCB22AC1A0000AA5817 /* Survey.swift in Sources */ = {isa = PBXBuildFile; fileRef = 437E1CCA22AC1A0000AA5817 /* Survey.swift */; };
		437E1CCE22AC1C0E00AA5817 /* SurveyUseCase.swift in Sources */ = {isa = PBXBuildFile; fileRef = 437E1CCD22AC1C0E00AA5817 /* SurveyUseCase.swift */; };
		437E1CD022AC1C8E00AA5817 /* UIViewController.swift in Sources */ = {isa = PBXBuildFile; fileRef = 437E1CCF22AC1C8E00AA5817 /* UIViewController.swift */; };
		437E1CD422AC236800AA5817 /* NimbleNetwork.swift in Sources */ = {isa = PBXBuildFile; fileRef = 437E1CD322AC236800AA5817 /* NimbleNetwork.swift */; };
		437E1CD622AC244E00AA5817 /* Error.swift in Sources */ = {isa = PBXBuildFile; fileRef = 437E1CD522AC244E00AA5817 /* Error.swift */; };
		437E1CD822AC262900AA5817 /* SurveyItemViewModel.swift in Sources */ = {isa = PBXBuildFile; fileRef = 437E1CD722AC262900AA5817 /* SurveyItemViewModel.swift */; };
		437E1CDA22AC280600AA5817 /* UIImageView.swift in Sources */ = {isa = PBXBuildFile; fileRef = 437E1CD922AC280600AA5817 /* UIImageView.swift */; };
		437E1CDE22AC295700AA5817 /* App.Error.swift in Sources */ = {isa = PBXBuildFile; fileRef = 437E1CDD22AC295700AA5817 /* App.Error.swift */; };
		437E1CE222AC3CF800AA5817 /* SurveyDetailViewController.swift in Sources */ = {isa = PBXBuildFile; fileRef = 437E1CE022AC3CF800AA5817 /* SurveyDetailViewController.swift */; };
		437E1CE322AC3CF800AA5817 /* SurveyDetailViewController.xib in Resources */ = {isa = PBXBuildFile; fileRef = 437E1CE122AC3CF800AA5817 /* SurveyDetailViewController.xib */; };
		6ED0DA5D475D7F563B321D02 /* Pods_Surveys.framework in Frameworks */ = {isa = PBXBuildFile; fileRef = 331EF401BBE7E9B8D35F59E0 /* Pods_Surveys.framework */; };
		CE048620C57E81E7D05D1F22 /* Pods_SurveysTests.framework in Frameworks */ = {isa = PBXBuildFile; fileRef = 354C67882798CAB3B5006EB5 /* Pods_SurveysTests.framework */; };
/* End PBXBuildFile section */

/* Begin PBXContainerItemProxy section */
		432D626622A6F3F400D6801E /* PBXContainerItemProxy */ = {
			isa = PBXContainerItemProxy;
			containerPortal = 432D624922A6F3F200D6801E /* Project object */;
			proxyType = 1;
			remoteGlobalIDString = 432D625022A6F3F200D6801E;
			remoteInfo = Surveys;
		};
/* End PBXContainerItemProxy section */

/* Begin PBXFileReference section */
		00F41931D91AAEC64D0460AD /* Pods-SurveysTests.release.xcconfig */ = {isa = PBXFileReference; includeInIndex = 1; lastKnownFileType = text.xcconfig; name = "Pods-SurveysTests.release.xcconfig"; path = "Pods/Target Support Files/Pods-SurveysTests/Pods-SurveysTests.release.xcconfig"; sourceTree = "<group>"; };
		0448E9F4932724150345318F /* Pods-Surveys.release.xcconfig */ = {isa = PBXFileReference; includeInIndex = 1; lastKnownFileType = text.xcconfig; name = "Pods-Surveys.release.xcconfig"; path = "Pods/Target Support Files/Pods-Surveys/Pods-Surveys.release.xcconfig"; sourceTree = "<group>"; };
		29764B5B82B8D94A09557C06 /* Pods-SurveysUITests.debug.xcconfig */ = {isa = PBXFileReference; includeInIndex = 1; lastKnownFileType = text.xcconfig; name = "Pods-SurveysUITests.debug.xcconfig"; path = "Target Support Files/Pods-SurveysUITests/Pods-SurveysUITests.debug.xcconfig"; sourceTree = "<group>"; };
		331EF401BBE7E9B8D35F59E0 /* Pods_Surveys.framework */ = {isa = PBXFileReference; explicitFileType = wrapper.framework; includeInIndex = 0; path = Pods_Surveys.framework; sourceTree = BUILT_PRODUCTS_DIR; };
		354C67882798CAB3B5006EB5 /* Pods_SurveysTests.framework */ = {isa = PBXFileReference; explicitFileType = wrapper.framework; includeInIndex = 0; path = Pods_SurveysTests.framework; sourceTree = BUILT_PRODUCTS_DIR; };
		38143532ECF6AEE2F78788EA /* libPods-SurveysUITests.a */ = {isa = PBXFileReference; explicitFileType = archive.ar; includeInIndex = 0; path = "libPods-SurveysUITests.a"; sourceTree = BUILT_PRODUCTS_DIR; };
		432D625122A6F3F200D6801E /* Surveys.app */ = {isa = PBXFileReference; explicitFileType = wrapper.application; includeInIndex = 0; path = Surveys.app; sourceTree = BUILT_PRODUCTS_DIR; };
		432D625422A6F3F200D6801E /* AppDelegate.swift */ = {isa = PBXFileReference; lastKnownFileType = sourcecode.swift; path = AppDelegate.swift; sourceTree = "<group>"; };
		432D625B22A6F3F400D6801E /* Assets.xcassets */ = {isa = PBXFileReference; lastKnownFileType = folder.assetcatalog; path = Assets.xcassets; sourceTree = "<group>"; };
		432D625E22A6F3F400D6801E /* Base */ = {isa = PBXFileReference; lastKnownFileType = file.storyboard; name = Base; path = Base.lproj/LaunchScreen.storyboard; sourceTree = "<group>"; };
		432D626022A6F3F400D6801E /* Info.plist */ = {isa = PBXFileReference; lastKnownFileType = text.plist.xml; path = Info.plist; sourceTree = "<group>"; };
		432D626522A6F3F400D6801E /* SurveysTests.xctest */ = {isa = PBXFileReference; explicitFileType = wrapper.cfbundle; includeInIndex = 0; path = SurveysTests.xctest; sourceTree = BUILT_PRODUCTS_DIR; };
		432D626922A6F3F400D6801E /* SurveysTests.swift */ = {isa = PBXFileReference; lastKnownFileType = sourcecode.swift; path = SurveysTests.swift; sourceTree = "<group>"; };
		432D626B22A6F3F400D6801E /* Info.plist */ = {isa = PBXFileReference; lastKnownFileType = text.plist.xml; path = Info.plist; sourceTree = "<group>"; };
		434F2CF922A7F6FC00DE01A9 /* SurveysViewController.swift */ = {isa = PBXFileReference; lastKnownFileType = sourcecode.swift; path = SurveysViewController.swift; sourceTree = "<group>"; };
		434F2CFA22A7F6FC00DE01A9 /* SurveysViewController.xib */ = {isa = PBXFileReference; lastKnownFileType = file.xib; path = SurveysViewController.xib; sourceTree = "<group>"; };
		434F2CFE22A7F7EF00DE01A9 /* Application.swift */ = {isa = PBXFileReference; lastKnownFileType = sourcecode.swift; path = Application.swift; sourceTree = "<group>"; };
		434F2D0022A801FC00DE01A9 /* App.swift */ = {isa = PBXFileReference; lastKnownFileType = sourcecode.swift; path = App.swift; sourceTree = "<group>"; };
		434F2D0222A8020D00DE01A9 /* App.Color.swift */ = {isa = PBXFileReference; lastKnownFileType = sourcecode.swift; path = App.Color.swift; sourceTree = "<group>"; };
		434F2D0422A802F200DE01A9 /* App.String.swift */ = {isa = PBXFileReference; lastKnownFileType = sourcecode.swift; path = App.String.swift; sourceTree = "<group>"; };
		434F2D0A22A804F400DE01A9 /* SurveyItemCell.swift */ = {isa = PBXFileReference; lastKnownFileType = sourcecode.swift; path = SurveyItemCell.swift; sourceTree = "<group>"; };
		434F2D0B22A804F400DE01A9 /* SurveyItemCell.xib */ = {isa = PBXFileReference; lastKnownFileType = file.xib; path = SurveyItemCell.xib; sourceTree = "<group>"; };
		434F2D0E22A8085600DE01A9 /* NavigationController.swift */ = {isa = PBXFileReference; lastKnownFileType = sourcecode.swift; path = NavigationController.swift; sourceTree = "<group>"; };
		437E1CAB22AB32F800AA5817 /* App.Measure.swift */ = {isa = PBXFileReference; lastKnownFileType = sourcecode.swift; path = App.Measure.swift; sourceTree = "<group>"; };
		437E1CB222ABE2BA00AA5817 /* ISPageControl.swift */ = {isa = PBXFileReference; lastKnownFileType = sourcecode.swift; path = ISPageControl.swift; sourceTree = "<group>"; };
		437E1CB522ABEB9D00AA5817 /* NimbleTarget.swift */ = {isa = PBXFileReference; lastKnownFileType = sourcecode.swift; path = NimbleTarget.swift; sourceTree = "<group>"; };
		437E1CB722ABF41C00AA5817 /* Token.swift */ = {isa = PBXFileReference; lastKnownFileType = sourcecode.swift; path = Token.swift; sourceTree = "<group>"; };
		437E1CB922ABF87600AA5817 /* Date.swift */ = {isa = PBXFileReference; lastKnownFileType = sourcecode.swift; path = Date.swift; sourceTree = "<group>"; };
		437E1CBB22ABF8BE00AA5817 /* Collection.swift */ = {isa = PBXFileReference; lastKnownFileType = sourcecode.swift; path = Collection.swift; sourceTree = "<group>"; };
		437E1CC122ABFF4300AA5817 /* MoyaProvider.swift */ = {isa = PBXFileReference; lastKnownFileType = sourcecode.swift; path = MoyaProvider.swift; sourceTree = "<group>"; };
		437E1CC322AC0B9C00AA5817 /* TokenType.swift */ = {isa = PBXFileReference; lastKnownFileType = sourcecode.swift; path = TokenType.swift; sourceTree = "<group>"; };
		437E1CC522AC15B900AA5817 /* URLRequest.swift */ = {isa = PBXFileReference; lastKnownFileType = sourcecode.swift; path = URLRequest.swift; sourceTree = "<group>"; };
		437E1CC722AC19CD00AA5817 /* SurveysViewModel.swift */ = {isa = PBXFileReference; lastKnownFileType = sourcecode.swift; path = SurveysViewModel.swift; sourceTree = "<group>"; };
		437E1CCA22AC1A0000AA5817 /* Survey.swift */ = {isa = PBXFileReference; lastKnownFileType = sourcecode.swift; path = Survey.swift; sourceTree = "<group>"; };
		437E1CCD22AC1C0E00AA5817 /* SurveyUseCase.swift */ = {isa = PBXFileReference; lastKnownFileType = sourcecode.swift; path = SurveyUseCase.swift; sourceTree = "<group>"; };
		437E1CCF22AC1C8E00AA5817 /* UIViewController.swift */ = {isa = PBXFileReference; lastKnownFileType = sourcecode.swift; path = UIViewController.swift; sourceTree = "<group>"; };
		437E1CD322AC236800AA5817 /* NimbleNetwork.swift */ = {isa = PBXFileReference; lastKnownFileType = sourcecode.swift; path = NimbleNetwork.swift; sourceTree = "<group>"; };
		437E1CD522AC244E00AA5817 /* Error.swift */ = {isa = PBXFileReference; lastKnownFileType = sourcecode.swift; path = Error.swift; sourceTree = "<group>"; };
		437E1CD722AC262900AA5817 /* SurveyItemViewModel.swift */ = {isa = PBXFileReference; lastKnownFileType = sourcecode.swift; path = SurveyItemViewModel.swift; sourceTree = "<group>"; };
		437E1CD922AC280600AA5817 /* UIImageView.swift */ = {isa = PBXFileReference; lastKnownFileType = sourcecode.swift; path = UIImageView.swift; sourceTree = "<group>"; };
		437E1CDD22AC295700AA5817 /* App.Error.swift */ = {isa = PBXFileReference; lastKnownFileType = sourcecode.swift; path = App.Error.swift; sourceTree = "<group>"; };
		437E1CE022AC3CF800AA5817 /* SurveyDetailViewController.swift */ = {isa = PBXFileReference; lastKnownFileType = sourcecode.swift; path = SurveyDetailViewController.swift; sourceTree = "<group>"; };
		437E1CE122AC3CF800AA5817 /* SurveyDetailViewController.xib */ = {isa = PBXFileReference; lastKnownFileType = file.xib; path = SurveyDetailViewController.xib; sourceTree = "<group>"; };
		47B91FB5FF43AE457AD47A0D /* Pods-SurveysTests.debug.xcconfig */ = {isa = PBXFileReference; includeInIndex = 1; lastKnownFileType = text.xcconfig; name = "Pods-SurveysTests.debug.xcconfig"; path = "Pods/Target Support Files/Pods-SurveysTests/Pods-SurveysTests.debug.xcconfig"; sourceTree = "<group>"; };
		620B9D8F7530AB3A3E5DDA0D /* Pods-Surveys.release.xcconfig */ = {isa = PBXFileReference; includeInIndex = 1; lastKnownFileType = text.xcconfig; name = "Pods-Surveys.release.xcconfig"; path = "Target Support Files/Pods-Surveys/Pods-Surveys.release.xcconfig"; sourceTree = "<group>"; };
		AFED79AD0DC0BA6D03837BDF /* Pods-SurveysTests.debug.xcconfig */ = {isa = PBXFileReference; includeInIndex = 1; lastKnownFileType = text.xcconfig; name = "Pods-SurveysTests.debug.xcconfig"; path = "Target Support Files/Pods-SurveysTests/Pods-SurveysTests.debug.xcconfig"; sourceTree = "<group>"; };
		B3439A9BC340265566A81B63 /* Pods-Surveys.debug.xcconfig */ = {isa = PBXFileReference; includeInIndex = 1; lastKnownFileType = text.xcconfig; name = "Pods-Surveys.debug.xcconfig"; path = "Pods/Target Support Files/Pods-Surveys/Pods-Surveys.debug.xcconfig"; sourceTree = "<group>"; };
		C3AE0EA6A196EDC4FA9965AD /* Pods-SurveysTests.release.xcconfig */ = {isa = PBXFileReference; includeInIndex = 1; lastKnownFileType = text.xcconfig; name = "Pods-SurveysTests.release.xcconfig"; path = "Target Support Files/Pods-SurveysTests/Pods-SurveysTests.release.xcconfig"; sourceTree = "<group>"; };
		F800DD1BC65AAECB42F90590 /* Pods-Surveys.debug.xcconfig */ = {isa = PBXFileReference; includeInIndex = 1; lastKnownFileType = text.xcconfig; name = "Pods-Surveys.debug.xcconfig"; path = "Target Support Files/Pods-Surveys/Pods-Surveys.debug.xcconfig"; sourceTree = "<group>"; };
		FF534A161F4DB7DEC9C1D58D /* Pods-SurveysUITests.release.xcconfig */ = {isa = PBXFileReference; includeInIndex = 1; lastKnownFileType = text.xcconfig; name = "Pods-SurveysUITests.release.xcconfig"; path = "Target Support Files/Pods-SurveysUITests/Pods-SurveysUITests.release.xcconfig"; sourceTree = "<group>"; };
/* End PBXFileReference section */

/* Begin PBXFrameworksBuildPhase section */
		432D624E22A6F3F200D6801E /* Frameworks */ = {
			isa = PBXFrameworksBuildPhase;
			buildActionMask = 2147483647;
			files = (
				6ED0DA5D475D7F563B321D02 /* Pods_Surveys.framework in Frameworks */,
			);
			runOnlyForDeploymentPostprocessing = 0;
		};
		432D626222A6F3F400D6801E /* Frameworks */ = {
			isa = PBXFrameworksBuildPhase;
			buildActionMask = 2147483647;
			files = (
				CE048620C57E81E7D05D1F22 /* Pods_SurveysTests.framework in Frameworks */,
			);
			runOnlyForDeploymentPostprocessing = 0;
		};
/* End PBXFrameworksBuildPhase section */

/* Begin PBXGroup section */
		432D624822A6F3F200D6801E = {
			isa = PBXGroup;
			children = (
				432D625322A6F3F200D6801E /* Surveys */,
				432D626822A6F3F400D6801E /* SurveysTests */,
				432D625222A6F3F200D6801E /* Products */,
				98505AF482111AFA4DEA4922 /* Pods */,
				6ADE5BE07073F453FF9F9B35 /* Frameworks */,
			);
			sourceTree = "<group>";
		};
		432D625222A6F3F200D6801E /* Products */ = {
			isa = PBXGroup;
			children = (
				432D625122A6F3F200D6801E /* Surveys.app */,
				432D626522A6F3F400D6801E /* SurveysTests.xctest */,
			);
			name = Products;
			sourceTree = "<group>";
		};
		432D625322A6F3F200D6801E /* Surveys */ = {
			isa = PBXGroup;
			children = (
				434F2CEE22A7F63200DE01A9 /* Application */,
				434F2CEF22A7F63B00DE01A9 /* Controllers */,
				434F2CF022A7F64900DE01A9 /* Extensions */,
				434F2CF122A7F64E00DE01A9 /* Models */,
				434F2CF322A7F65A00DE01A9 /* Services */,
				434F2CF422A7F66100DE01A9 /* Views */,
			);
			path = Surveys;
			sourceTree = "<group>";
		};
		432D626822A6F3F400D6801E /* SurveysTests */ = {
			isa = PBXGroup;
			children = (
				432D626922A6F3F400D6801E /* SurveysTests.swift */,
				432D626B22A6F3F400D6801E /* Info.plist */,
			);
			path = SurveysTests;
			sourceTree = "<group>";
		};
		434F2CEE22A7F63200DE01A9 /* Application */ = {
			isa = PBXGroup;
			children = (
				434F2CFD22A7F70D00DE01A9 /* Base */,
				434F2CF722A7F6A700DE01A9 /* Resources */,
				434F2CF622A7F69A00DE01A9 /* Constants */,
				434F2CF522A7F68C00DE01A9 /* Infos */,
				432D625422A6F3F200D6801E /* AppDelegate.swift */,
				434F2CFE22A7F7EF00DE01A9 /* Application.swift */,
			);
			path = Application;
			sourceTree = "<group>";
		};
		434F2CEF22A7F63B00DE01A9 /* Controllers */ = {
			isa = PBXGroup;
			children = (
				437E1CDF22AC3C7E00AA5817 /* SurveyDetail */,
				434F2CF822A7F6E200DE01A9 /* Surveys */,
			);
			path = Controllers;
			sourceTree = "<group>";
		};
		434F2CF022A7F64900DE01A9 /* Extensions */ = {
			isa = PBXGroup;
			children = (
				437E1CB922ABF87600AA5817 /* Date.swift */,
				437E1CBB22ABF8BE00AA5817 /* Collection.swift */,
				437E1CC522AC15B900AA5817 /* URLRequest.swift */,
				437E1CCF22AC1C8E00AA5817 /* UIViewController.swift */,
				437E1CD922AC280600AA5817 /* UIImageView.swift */,
			);
			path = Extensions;
			sourceTree = "<group>";
		};
		434F2CF122A7F64E00DE01A9 /* Models */ = {
			isa = PBXGroup;
			children = (
				437E1CCC22AC1C0000AA5817 /* UseCases */,
				437E1CC922AC19E000AA5817 /* Entities */,
			);
			path = Models;
			sourceTree = "<group>";
		};
		434F2CF322A7F65A00DE01A9 /* Services */ = {
			isa = PBXGroup;
			children = (
				437E1CB422ABEB2300AA5817 /* Network */,
			);
			path = Services;
			sourceTree = "<group>";
		};
		434F2CF422A7F66100DE01A9 /* Views */ = {
			isa = PBXGroup;
			children = (
				437E1CB122ABE2AB00AA5817 /* ISPageControl */,
				434F2D0922A804CF00DE01A9 /* SurveyItemCell */,
			);
			path = Views;
			sourceTree = "<group>";
		};
		434F2CF522A7F68C00DE01A9 /* Infos */ = {
			isa = PBXGroup;
			children = (
				432D626022A6F3F400D6801E /* Info.plist */,
			);
			path = Infos;
			sourceTree = "<group>";
		};
		434F2CF622A7F69A00DE01A9 /* Constants */ = {
			isa = PBXGroup;
			children = (
				434F2D0022A801FC00DE01A9 /* App.swift */,
				434F2D0222A8020D00DE01A9 /* App.Color.swift */,
				434F2D0422A802F200DE01A9 /* App.String.swift */,
				437E1CAB22AB32F800AA5817 /* App.Measure.swift */,
				437E1CDD22AC295700AA5817 /* App.Error.swift */,
			);
			path = Constants;
			sourceTree = "<group>";
		};
		434F2CF722A7F6A700DE01A9 /* Resources */ = {
			isa = PBXGroup;
			children = (
				432D625B22A6F3F400D6801E /* Assets.xcassets */,
				432D625D22A6F3F400D6801E /* LaunchScreen.storyboard */,
			);
			path = Resources;
			sourceTree = "<group>";
		};
		434F2CF822A7F6E200DE01A9 /* Surveys */ = {
			isa = PBXGroup;
			children = (
				434F2CF922A7F6FC00DE01A9 /* SurveysViewController.swift */,
				434F2CFA22A7F6FC00DE01A9 /* SurveysViewController.xib */,
				437E1CC722AC19CD00AA5817 /* SurveysViewModel.swift */,
			);
			path = Surveys;
			sourceTree = "<group>";
		};
		434F2CFD22A7F70D00DE01A9 /* Base */ = {
			isa = PBXGroup;
			children = (
				434F2D0E22A8085600DE01A9 /* NavigationController.swift */,
			);
			path = Base;
			sourceTree = "<group>";
		};
		434F2D0922A804CF00DE01A9 /* SurveyItemCell */ = {
			isa = PBXGroup;
			children = (
				434F2D0A22A804F400DE01A9 /* SurveyItemCell.swift */,
				434F2D0B22A804F400DE01A9 /* SurveyItemCell.xib */,
				437E1CD722AC262900AA5817 /* SurveyItemViewModel.swift */,
			);
			path = SurveyItemCell;
			sourceTree = "<group>";
		};
		437E1CB122ABE2AB00AA5817 /* ISPageControl */ = {
			isa = PBXGroup;
			children = (
				437E1CB222ABE2BA00AA5817 /* ISPageControl.swift */,
			);
			path = ISPageControl;
			sourceTree = "<group>";
		};
		437E1CB422ABEB2300AA5817 /* Network */ = {
			isa = PBXGroup;
			children = (
				437E1CD222AC1E3400AA5817 /* Nimble */,
				437E1CD122AC1E2200AA5817 /* Core */,
			);
			path = Network;
			sourceTree = "<group>";
		};
		437E1CC922AC19E000AA5817 /* Entities */ = {
			isa = PBXGroup;
			children = (
				437E1CCA22AC1A0000AA5817 /* Survey.swift */,
			);
			path = Entities;
			sourceTree = "<group>";
		};
		437E1CCC22AC1C0000AA5817 /* UseCases */ = {
			isa = PBXGroup;
			children = (
				437E1CCD22AC1C0E00AA5817 /* SurveyUseCase.swift */,
			);
			path = UseCases;
			sourceTree = "<group>";
		};
		437E1CD122AC1E2200AA5817 /* Core */ = {
			isa = PBXGroup;
			children = (
				437E1CB722ABF41C00AA5817 /* Token.swift */,
				437E1CC322AC0B9C00AA5817 /* TokenType.swift */,
				437E1CC122ABFF4300AA5817 /* MoyaProvider.swift */,
				437E1CD522AC244E00AA5817 /* Error.swift */,
			);
			path = Core;
			sourceTree = "<group>";
		};
		437E1CD222AC1E3400AA5817 /* Nimble */ = {
			isa = PBXGroup;
			children = (
				437E1CB522ABEB9D00AA5817 /* NimbleTarget.swift */,
				437E1CD322AC236800AA5817 /* NimbleNetwork.swift */,
			);
			path = Nimble;
			sourceTree = "<group>";
		};
		437E1CDF22AC3C7E00AA5817 /* SurveyDetail */ = {
			isa = PBXGroup;
			children = (
				437E1CE022AC3CF800AA5817 /* SurveyDetailViewController.swift */,
				437E1CE122AC3CF800AA5817 /* SurveyDetailViewController.xib */,
			);
			path = SurveyDetail;
			sourceTree = "<group>";
		};
		6ADE5BE07073F453FF9F9B35 /* Frameworks */ = {
			isa = PBXGroup;
			children = (
				38143532ECF6AEE2F78788EA /* libPods-SurveysUITests.a */,
				331EF401BBE7E9B8D35F59E0 /* Pods_Surveys.framework */,
				354C67882798CAB3B5006EB5 /* Pods_SurveysTests.framework */,
			);
			name = Frameworks;
			sourceTree = "<group>";
		};
		98505AF482111AFA4DEA4922 /* Pods */ = {
			isa = PBXGroup;
			children = (
				F800DD1BC65AAECB42F90590 /* Pods-Surveys.debug.xcconfig */,
				620B9D8F7530AB3A3E5DDA0D /* Pods-Surveys.release.xcconfig */,
				AFED79AD0DC0BA6D03837BDF /* Pods-SurveysTests.debug.xcconfig */,
				C3AE0EA6A196EDC4FA9965AD /* Pods-SurveysTests.release.xcconfig */,
				29764B5B82B8D94A09557C06 /* Pods-SurveysUITests.debug.xcconfig */,
				FF534A161F4DB7DEC9C1D58D /* Pods-SurveysUITests.release.xcconfig */,
				B3439A9BC340265566A81B63 /* Pods-Surveys.debug.xcconfig */,
				0448E9F4932724150345318F /* Pods-Surveys.release.xcconfig */,
				47B91FB5FF43AE457AD47A0D /* Pods-SurveysTests.debug.xcconfig */,
				00F41931D91AAEC64D0460AD /* Pods-SurveysTests.release.xcconfig */,
			);
			path = Pods;
			sourceTree = "<group>";
		};
/* End PBXGroup section */

/* Begin PBXNativeTarget section */
		432D625022A6F3F200D6801E /* Surveys */ = {
			isa = PBXNativeTarget;
			buildConfigurationList = 432D627922A6F3F400D6801E /* Build configuration list for PBXNativeTarget "Surveys" */;
			buildPhases = (
				D1B11E266C5A19BD64D545F0 /* [CP] Check Pods Manifest.lock */,
				434F2CEC22A6FA0600DE01A9 /* SwiftLint */,
				432D624D22A6F3F200D6801E /* Sources */,
				432D624E22A6F3F200D6801E /* Frameworks */,
				432D624F22A6F3F200D6801E /* Resources */,
				7A78C9B96605AD33CF116816 /* [CP] Embed Pods Frameworks */,
			);
			buildRules = (
			);
			dependencies = (
			);
			name = Surveys;
			productName = Surveys;
			productReference = 432D625122A6F3F200D6801E /* Surveys.app */;
			productType = "com.apple.product-type.application";
		};
		432D626422A6F3F400D6801E /* SurveysTests */ = {
			isa = PBXNativeTarget;
			buildConfigurationList = 432D627C22A6F3F400D6801E /* Build configuration list for PBXNativeTarget "SurveysTests" */;
			buildPhases = (
				ACB08796E17547FF6C066E81 /* [CP] Check Pods Manifest.lock */,
				432D626122A6F3F400D6801E /* Sources */,
				432D626222A6F3F400D6801E /* Frameworks */,
				432D626322A6F3F400D6801E /* Resources */,
				0947E7E4AE2CB9FDDE1493BF /* [CP] Embed Pods Frameworks */,
			);
			buildRules = (
			);
			dependencies = (
				432D626722A6F3F400D6801E /* PBXTargetDependency */,
			);
			name = SurveysTests;
			productName = SurveysTests;
			productReference = 432D626522A6F3F400D6801E /* SurveysTests.xctest */;
			productType = "com.apple.product-type.bundle.unit-test";
		};
/* End PBXNativeTarget section */

/* Begin PBXProject section */
		432D624922A6F3F200D6801E /* Project object */ = {
			isa = PBXProject;
			attributes = {
				LastSwiftUpdateCheck = 1020;
				LastUpgradeCheck = 1020;
				ORGANIZATIONNAME = suho;
				TargetAttributes = {
					432D625022A6F3F200D6801E = {
						CreatedOnToolsVersion = 10.2.1;
					};
					432D626422A6F3F400D6801E = {
						CreatedOnToolsVersion = 10.2.1;
						TestTargetID = 432D625022A6F3F200D6801E;
					};
				};
			};
			buildConfigurationList = 432D624C22A6F3F200D6801E /* Build configuration list for PBXProject "Surveys" */;
			compatibilityVersion = "Xcode 9.3";
			developmentRegion = en;
			hasScannedForEncodings = 0;
			knownRegions = (
				en,
				Base,
			);
			mainGroup = 432D624822A6F3F200D6801E;
			productRefGroup = 432D625222A6F3F200D6801E /* Products */;
			projectDirPath = "";
			projectRoot = "";
			targets = (
				432D625022A6F3F200D6801E /* Surveys */,
				432D626422A6F3F400D6801E /* SurveysTests */,
			);
		};
/* End PBXProject section */

/* Begin PBXResourcesBuildPhase section */
		432D624F22A6F3F200D6801E /* Resources */ = {
			isa = PBXResourcesBuildPhase;
			buildActionMask = 2147483647;
			files = (
				434F2D0D22A804F400DE01A9 /* SurveyItemCell.xib in Resources */,
				434F2CFC22A7F6FC00DE01A9 /* SurveysViewController.xib in Resources */,
				437E1CE322AC3CF800AA5817 /* SurveyDetailViewController.xib in Resources */,
				432D625F22A6F3F400D6801E /* LaunchScreen.storyboard in Resources */,
				432D625C22A6F3F400D6801E /* Assets.xcassets in Resources */,
			);
			runOnlyForDeploymentPostprocessing = 0;
		};
		432D626322A6F3F400D6801E /* Resources */ = {
			isa = PBXResourcesBuildPhase;
			buildActionMask = 2147483647;
			files = (
			);
			runOnlyForDeploymentPostprocessing = 0;
		};
/* End PBXResourcesBuildPhase section */

/* Begin PBXShellScriptBuildPhase section */
		0947E7E4AE2CB9FDDE1493BF /* [CP] Embed Pods Frameworks */ = {
			isa = PBXShellScriptBuildPhase;
			buildActionMask = 2147483647;
			files = (
			);
			inputFileListPaths = (
				"${PODS_ROOT}/Target Support Files/Pods-SurveysTests/Pods-SurveysTests-frameworks-${CONFIGURATION}-input-files.xcfilelist",
			);
			name = "[CP] Embed Pods Frameworks";
			outputFileListPaths = (
				"${PODS_ROOT}/Target Support Files/Pods-SurveysTests/Pods-SurveysTests-frameworks-${CONFIGURATION}-output-files.xcfilelist",
			);
			runOnlyForDeploymentPostprocessing = 0;
			shellPath = /bin/sh;
			shellScript = "\"${PODS_ROOT}/Target Support Files/Pods-SurveysTests/Pods-SurveysTests-frameworks.sh\"\n";
			showEnvVarsInLog = 0;
		};
		434F2CEC22A6FA0600DE01A9 /* SwiftLint */ = {
			isa = PBXShellScriptBuildPhase;
			buildActionMask = 2147483647;
			files = (
			);
			inputFileListPaths = (
			);
			inputPaths = (
			);
			name = SwiftLint;
			outputFileListPaths = (
			);
			outputPaths = (
			);
			runOnlyForDeploymentPostprocessing = 0;
			shellPath = /bin/sh;
			shellScript = "if [[ -s \"${PODS_ROOT}/SwiftLint/swiftlint\" ]]; then\n\"${PODS_ROOT}/SwiftLint/swiftlint\"\nelse\necho \"warning: SwiftLint not installed, download from https://github.com/realm/SwiftLint\"\nexit 1\nfi\n";
		};
		7A78C9B96605AD33CF116816 /* [CP] Embed Pods Frameworks */ = {
			isa = PBXShellScriptBuildPhase;
			buildActionMask = 2147483647;
			files = (
			);
			inputFileListPaths = (
				"${PODS_ROOT}/Target Support Files/Pods-Surveys/Pods-Surveys-frameworks-${CONFIGURATION}-input-files.xcfilelist",
			);
			name = "[CP] Embed Pods Frameworks";
			outputFileListPaths = (
				"${PODS_ROOT}/Target Support Files/Pods-Surveys/Pods-Surveys-frameworks-${CONFIGURATION}-output-files.xcfilelist",
			);
			runOnlyForDeploymentPostprocessing = 0;
			shellPath = /bin/sh;
			shellScript = "\"${PODS_ROOT}/Target Support Files/Pods-Surveys/Pods-Surveys-frameworks.sh\"\n";
			showEnvVarsInLog = 0;
		};
		ACB08796E17547FF6C066E81 /* [CP] Check Pods Manifest.lock */ = {
			isa = PBXShellScriptBuildPhase;
			buildActionMask = 2147483647;
			files = (
			);
			inputFileListPaths = (
			);
			inputPaths = (
				"${PODS_PODFILE_DIR_PATH}/Podfile.lock",
				"${PODS_ROOT}/Manifest.lock",
			);
			name = "[CP] Check Pods Manifest.lock";
			outputFileListPaths = (
			);
			outputPaths = (
				"$(DERIVED_FILE_DIR)/Pods-SurveysTests-checkManifestLockResult.txt",
			);
			runOnlyForDeploymentPostprocessing = 0;
			shellPath = /bin/sh;
			shellScript = "diff \"${PODS_PODFILE_DIR_PATH}/Podfile.lock\" \"${PODS_ROOT}/Manifest.lock\" > /dev/null\nif [ $? != 0 ] ; then\n    # print error to STDERR\n    echo \"error: The sandbox is not in sync with the Podfile.lock. Run 'pod install' or update your CocoaPods installation.\" >&2\n    exit 1\nfi\n# This output is used by Xcode 'outputs' to avoid re-running this script phase.\necho \"SUCCESS\" > \"${SCRIPT_OUTPUT_FILE_0}\"\n";
			showEnvVarsInLog = 0;
		};
		D1B11E266C5A19BD64D545F0 /* [CP] Check Pods Manifest.lock */ = {
			isa = PBXShellScriptBuildPhase;
			buildActionMask = 2147483647;
			files = (
			);
			inputFileListPaths = (
			);
			inputPaths = (
				"${PODS_PODFILE_DIR_PATH}/Podfile.lock",
				"${PODS_ROOT}/Manifest.lock",
			);
			name = "[CP] Check Pods Manifest.lock";
			outputFileListPaths = (
			);
			outputPaths = (
				"$(DERIVED_FILE_DIR)/Pods-Surveys-checkManifestLockResult.txt",
			);
			runOnlyForDeploymentPostprocessing = 0;
			shellPath = /bin/sh;
			shellScript = "diff \"${PODS_PODFILE_DIR_PATH}/Podfile.lock\" \"${PODS_ROOT}/Manifest.lock\" > /dev/null\nif [ $? != 0 ] ; then\n    # print error to STDERR\n    echo \"error: The sandbox is not in sync with the Podfile.lock. Run 'pod install' or update your CocoaPods installation.\" >&2\n    exit 1\nfi\n# This output is used by Xcode 'outputs' to avoid re-running this script phase.\necho \"SUCCESS\" > \"${SCRIPT_OUTPUT_FILE_0}\"\n";
			showEnvVarsInLog = 0;
		};
/* End PBXShellScriptBuildPhase section */

/* Begin PBXSourcesBuildPhase section */
		432D624D22A6F3F200D6801E /* Sources */ = {
			isa = PBXSourcesBuildPhase;
			buildActionMask = 2147483647;
			files = (
				434F2CFF22A7F7EF00DE01A9 /* Application.swift in Sources */,
				437E1CCE22AC1C0E00AA5817 /* SurveyUseCase.swift in Sources */,
				434F2D0522A802F200DE01A9 /* App.String.swift in Sources */,
				437E1CB322ABE2BA00AA5817 /* ISPageControl.swift in Sources */,
				437E1CD822AC262900AA5817 /* SurveyItemViewModel.swift in Sources */,
				437E1CC422AC0B9C00AA5817 /* TokenType.swift in Sources */,
				437E1CC222ABFF4300AA5817 /* MoyaProvider.swift in Sources */,
				437E1CC822AC19CD00AA5817 /* SurveysViewModel.swift in Sources */,
				437E1CDE22AC295700AA5817 /* App.Error.swift in Sources */,
				432D625522A6F3F200D6801E /* AppDelegate.swift in Sources */,
				434F2D0F22A8085600DE01A9 /* NavigationController.swift in Sources */,
				437E1CBC22ABF8BE00AA5817 /* Collection.swift in Sources */,
				437E1CE222AC3CF800AA5817 /* SurveyDetailViewController.swift in Sources */,
				434F2D0C22A804F400DE01A9 /* SurveyItemCell.swift in Sources */,
				437E1CB622ABEB9D00AA5817 /* NimbleTarget.swift in Sources */,
				434F2D0122A801FC00DE01A9 /* App.swift in Sources */,
				437E1CD022AC1C8E00AA5817 /* UIViewController.swift in Sources */,
				437E1CDA22AC280600AA5817 /* UIImageView.swift in Sources */,
				437E1CBA22ABF87600AA5817 /* Date.swift in Sources */,
				437E1CD622AC244E00AA5817 /* Error.swift in Sources */,
				434F2D0322A8020D00DE01A9 /* App.Color.swift in Sources */,
				434F2CFB22A7F6FC00DE01A9 /* SurveysViewController.swift in Sources */,
				437E1CC622AC15B900AA5817 /* URLRequest.swift in Sources */,
				437E1CCB22AC1A0000AA5817 /* Survey.swift in Sources */,
				437E1CB822ABF41C00AA5817 /* Token.swift in Sources */,
				437E1CD422AC236800AA5817 /* NimbleNetwork.swift in Sources */,
				437E1CAC22AB32F800AA5817 /* App.Measure.swift in Sources */,
			);
			runOnlyForDeploymentPostprocessing = 0;
		};
		432D626122A6F3F400D6801E /* Sources */ = {
			isa = PBXSourcesBuildPhase;
			buildActionMask = 2147483647;
			files = (
				432D626A22A6F3F400D6801E /* SurveysTests.swift in Sources */,
			);
			runOnlyForDeploymentPostprocessing = 0;
		};
/* End PBXSourcesBuildPhase section */

/* Begin PBXTargetDependency section */
		432D626722A6F3F400D6801E /* PBXTargetDependency */ = {
			isa = PBXTargetDependency;
			target = 432D625022A6F3F200D6801E /* Surveys */;
			targetProxy = 432D626622A6F3F400D6801E /* PBXContainerItemProxy */;
		};
/* End PBXTargetDependency section */

/* Begin PBXVariantGroup section */
		432D625D22A6F3F400D6801E /* LaunchScreen.storyboard */ = {
			isa = PBXVariantGroup;
			children = (
				432D625E22A6F3F400D6801E /* Base */,
			);
			name = LaunchScreen.storyboard;
			sourceTree = "<group>";
		};
/* End PBXVariantGroup section */

/* Begin XCBuildConfiguration section */
		432D627722A6F3F400D6801E /* Debug */ = {
			isa = XCBuildConfiguration;
			buildSettings = {
				ALWAYS_SEARCH_USER_PATHS = NO;
				CLANG_ANALYZER_NONNULL = YES;
				CLANG_ANALYZER_NUMBER_OBJECT_CONVERSION = YES_AGGRESSIVE;
				CLANG_CXX_LANGUAGE_STANDARD = "gnu++14";
				CLANG_CXX_LIBRARY = "libc++";
				CLANG_ENABLE_MODULES = YES;
				CLANG_ENABLE_OBJC_ARC = YES;
				CLANG_ENABLE_OBJC_WEAK = YES;
				CLANG_WARN_BLOCK_CAPTURE_AUTORELEASING = YES;
				CLANG_WARN_BOOL_CONVERSION = YES;
				CLANG_WARN_COMMA = YES;
				CLANG_WARN_CONSTANT_CONVERSION = YES;
				CLANG_WARN_DEPRECATED_OBJC_IMPLEMENTATIONS = YES;
				CLANG_WARN_DIRECT_OBJC_ISA_USAGE = YES_ERROR;
				CLANG_WARN_DOCUMENTATION_COMMENTS = YES;
				CLANG_WARN_EMPTY_BODY = YES;
				CLANG_WARN_ENUM_CONVERSION = YES;
				CLANG_WARN_INFINITE_RECURSION = YES;
				CLANG_WARN_INT_CONVERSION = YES;
				CLANG_WARN_NON_LITERAL_NULL_CONVERSION = YES;
				CLANG_WARN_OBJC_IMPLICIT_RETAIN_SELF = YES;
				CLANG_WARN_OBJC_LITERAL_CONVERSION = YES;
				CLANG_WARN_OBJC_ROOT_CLASS = YES_ERROR;
				CLANG_WARN_RANGE_LOOP_ANALYSIS = YES;
				CLANG_WARN_STRICT_PROTOTYPES = YES;
				CLANG_WARN_SUSPICIOUS_MOVE = YES;
				CLANG_WARN_UNGUARDED_AVAILABILITY = YES_AGGRESSIVE;
				CLANG_WARN_UNREACHABLE_CODE = YES;
				CLANG_WARN__DUPLICATE_METHOD_MATCH = YES;
				CODE_SIGN_IDENTITY = "iPhone Developer";
				COPY_PHASE_STRIP = NO;
				DEBUG_INFORMATION_FORMAT = dwarf;
				ENABLE_STRICT_OBJC_MSGSEND = YES;
				ENABLE_TESTABILITY = YES;
				GCC_C_LANGUAGE_STANDARD = gnu11;
				GCC_DYNAMIC_NO_PIC = NO;
				GCC_NO_COMMON_BLOCKS = YES;
				GCC_OPTIMIZATION_LEVEL = 0;
				GCC_PREPROCESSOR_DEFINITIONS = (
					"DEBUG=1",
					"$(inherited)",
				);
				GCC_WARN_64_TO_32_BIT_CONVERSION = YES;
				GCC_WARN_ABOUT_RETURN_TYPE = YES_ERROR;
				GCC_WARN_UNDECLARED_SELECTOR = YES;
				GCC_WARN_UNINITIALIZED_AUTOS = YES_AGGRESSIVE;
				GCC_WARN_UNUSED_FUNCTION = YES;
				GCC_WARN_UNUSED_VARIABLE = YES;
				IPHONEOS_DEPLOYMENT_TARGET = 10.0;
				MTL_ENABLE_DEBUG_INFO = INCLUDE_SOURCE;
				MTL_FAST_MATH = YES;
				ONLY_ACTIVE_ARCH = YES;
				SDKROOT = iphoneos;
				SWIFT_ACTIVE_COMPILATION_CONDITIONS = DEBUG;
				SWIFT_OPTIMIZATION_LEVEL = "-Onone";
			};
			name = Debug;
		};
		432D627822A6F3F400D6801E /* Release */ = {
			isa = XCBuildConfiguration;
			buildSettings = {
				ALWAYS_SEARCH_USER_PATHS = NO;
				CLANG_ANALYZER_NONNULL = YES;
				CLANG_ANALYZER_NUMBER_OBJECT_CONVERSION = YES_AGGRESSIVE;
				CLANG_CXX_LANGUAGE_STANDARD = "gnu++14";
				CLANG_CXX_LIBRARY = "libc++";
				CLANG_ENABLE_MODULES = YES;
				CLANG_ENABLE_OBJC_ARC = YES;
				CLANG_ENABLE_OBJC_WEAK = YES;
				CLANG_WARN_BLOCK_CAPTURE_AUTORELEASING = YES;
				CLANG_WARN_BOOL_CONVERSION = YES;
				CLANG_WARN_COMMA = YES;
				CLANG_WARN_CONSTANT_CONVERSION = YES;
				CLANG_WARN_DEPRECATED_OBJC_IMPLEMENTATIONS = YES;
				CLANG_WARN_DIRECT_OBJC_ISA_USAGE = YES_ERROR;
				CLANG_WARN_DOCUMENTATION_COMMENTS = YES;
				CLANG_WARN_EMPTY_BODY = YES;
				CLANG_WARN_ENUM_CONVERSION = YES;
				CLANG_WARN_INFINITE_RECURSION = YES;
				CLANG_WARN_INT_CONVERSION = YES;
				CLANG_WARN_NON_LITERAL_NULL_CONVERSION = YES;
				CLANG_WARN_OBJC_IMPLICIT_RETAIN_SELF = YES;
				CLANG_WARN_OBJC_LITERAL_CONVERSION = YES;
				CLANG_WARN_OBJC_ROOT_CLASS = YES_ERROR;
				CLANG_WARN_RANGE_LOOP_ANALYSIS = YES;
				CLANG_WARN_STRICT_PROTOTYPES = YES;
				CLANG_WARN_SUSPICIOUS_MOVE = YES;
				CLANG_WARN_UNGUARDED_AVAILABILITY = YES_AGGRESSIVE;
				CLANG_WARN_UNREACHABLE_CODE = YES;
				CLANG_WARN__DUPLICATE_METHOD_MATCH = YES;
				CODE_SIGN_IDENTITY = "iPhone Developer";
				COPY_PHASE_STRIP = NO;
				DEBUG_INFORMATION_FORMAT = "dwarf-with-dsym";
				ENABLE_NS_ASSERTIONS = NO;
				ENABLE_STRICT_OBJC_MSGSEND = YES;
				GCC_C_LANGUAGE_STANDARD = gnu11;
				GCC_NO_COMMON_BLOCKS = YES;
				GCC_WARN_64_TO_32_BIT_CONVERSION = YES;
				GCC_WARN_ABOUT_RETURN_TYPE = YES_ERROR;
				GCC_WARN_UNDECLARED_SELECTOR = YES;
				GCC_WARN_UNINITIALIZED_AUTOS = YES_AGGRESSIVE;
				GCC_WARN_UNUSED_FUNCTION = YES;
				GCC_WARN_UNUSED_VARIABLE = YES;
				IPHONEOS_DEPLOYMENT_TARGET = 10.0;
				MTL_ENABLE_DEBUG_INFO = NO;
				MTL_FAST_MATH = YES;
				SDKROOT = iphoneos;
				SWIFT_COMPILATION_MODE = wholemodule;
				SWIFT_OPTIMIZATION_LEVEL = "-O";
				VALIDATE_PRODUCT = YES;
			};
			name = Release;
		};
		432D627A22A6F3F400D6801E /* Debug */ = {
			isa = XCBuildConfiguration;
			baseConfigurationReference = F800DD1BC65AAECB42F90590 /* Pods-Surveys.debug.xcconfig */;
			buildSettings = {
				ASSETCATALOG_COMPILER_APPICON_NAME = AppIcon;
				CODE_SIGN_STYLE = Automatic;
				INFOPLIST_FILE = "$(SRCROOT)/Surveys/Application/Infos/Info.plist";
				LD_RUNPATH_SEARCH_PATHS = (
					"$(inherited)",
					"@executable_path/Frameworks",
				);
				PRODUCT_BUNDLE_IDENTIFIER = "dev.suho.ios-test.Surveys";
				PRODUCT_NAME = "$(TARGET_NAME)";
				SWIFT_VERSION = 5.0;
				TARGETED_DEVICE_FAMILY = "1,2";
			};
			name = Debug;
		};
		432D627B22A6F3F400D6801E /* Release */ = {
			isa = XCBuildConfiguration;
			baseConfigurationReference = 620B9D8F7530AB3A3E5DDA0D /* Pods-Surveys.release.xcconfig */;
			buildSettings = {
				ASSETCATALOG_COMPILER_APPICON_NAME = AppIcon;
				CODE_SIGN_STYLE = Automatic;
				INFOPLIST_FILE = "$(SRCROOT)/Surveys/Application/Infos/Info.plist";
				LD_RUNPATH_SEARCH_PATHS = (
					"$(inherited)",
					"@executable_path/Frameworks",
				);
				PRODUCT_BUNDLE_IDENTIFIER = "dev.suho.ios-test.Surveys";
				PRODUCT_NAME = "$(TARGET_NAME)";
				SWIFT_VERSION = 5.0;
				TARGETED_DEVICE_FAMILY = "1,2";
			};
			name = Release;
		};
		432D627D22A6F3F400D6801E /* Debug */ = {
			isa = XCBuildConfiguration;
			baseConfigurationReference = AFED79AD0DC0BA6D03837BDF /* Pods-SurveysTests.debug.xcconfig */;
			buildSettings = {
				ALWAYS_EMBED_SWIFT_STANDARD_LIBRARIES = YES;
				BUNDLE_LOADER = "$(TEST_HOST)";
				CODE_SIGN_STYLE = Automatic;
				INFOPLIST_FILE = SurveysTests/Info.plist;
				LD_RUNPATH_SEARCH_PATHS = (
					"$(inherited)",
					"@executable_path/Frameworks",
					"@loader_path/Frameworks",
				);
				PRODUCT_BUNDLE_IDENTIFIER = "dev.suho.ios-test.SurveysTests";
				PRODUCT_NAME = "$(TARGET_NAME)";
				SWIFT_VERSION = 5.0;
				TARGETED_DEVICE_FAMILY = "1,2";
				TEST_HOST = "$(BUILT_PRODUCTS_DIR)/Surveys.app/Surveys";
			};
			name = Debug;
		};
		432D627E22A6F3F400D6801E /* Release */ = {
			isa = XCBuildConfiguration;
			baseConfigurationReference = C3AE0EA6A196EDC4FA9965AD /* Pods-SurveysTests.release.xcconfig */;
			buildSettings = {
				ALWAYS_EMBED_SWIFT_STANDARD_LIBRARIES = YES;
				BUNDLE_LOADER = "$(TEST_HOST)";
				CODE_SIGN_STYLE = Automatic;
				INFOPLIST_FILE = SurveysTests/Info.plist;
				LD_RUNPATH_SEARCH_PATHS = (
					"$(inherited)",
					"@executable_path/Frameworks",
					"@loader_path/Frameworks",
				);
				PRODUCT_BUNDLE_IDENTIFIER = "dev.suho.ios-test.SurveysTests";
				PRODUCT_NAME = "$(TARGET_NAME)";
				SWIFT_VERSION = 5.0;
				TARGETED_DEVICE_FAMILY = "1,2";
				TEST_HOST = "$(BUILT_PRODUCTS_DIR)/Surveys.app/Surveys";
			};
			name = Release;
		};
/* End XCBuildConfiguration section */

/* Begin XCConfigurationList section */
		432D624C22A6F3F200D6801E /* Build configuration list for PBXProject "Surveys" */ = {
			isa = XCConfigurationList;
			buildConfigurations = (
				432D627722A6F3F400D6801E /* Debug */,
				432D627822A6F3F400D6801E /* Release */,
			);
			defaultConfigurationIsVisible = 0;
			defaultConfigurationName = Release;
		};
		432D627922A6F3F400D6801E /* Build configuration list for PBXNativeTarget "Surveys" */ = {
			isa = XCConfigurationList;
			buildConfigurations = (
				432D627A22A6F3F400D6801E /* Debug */,
				432D627B22A6F3F400D6801E /* Release */,
			);
			defaultConfigurationIsVisible = 0;
			defaultConfigurationName = Release;
		};
		432D627C22A6F3F400D6801E /* Build configuration list for PBXNativeTarget "SurveysTests" */ = {
			isa = XCConfigurationList;
			buildConfigurations = (
				432D627D22A6F3F400D6801E /* Debug */,
				432D627E22A6F3F400D6801E /* Release */,
			);
			defaultConfigurationIsVisible = 0;
			defaultConfigurationName = Release;
		};
/* End XCConfigurationList section */
	};
	rootObject = 432D624922A6F3F200D6801E /* Project object */;
}
